
Microsoft Visual Studio Solution File, Format Version 12.00
# Visual Studio Version 17
VisualStudioVersion = 17.5.33627.172
MinimumVisualStudioVersion = 10.0.40219.1
Project("{FAE04EC0-301F-11D3-BF4B-00C04F79EFBC}") = "BorrowingApp_Assign1", "BorrowingApp_Assign1\BorrowingApp_Assign1.csproj", "{3EBE44FF-A447-41B1-A3CD-22F86BEBAE6D}"
EndProject
Global
	GlobalSection(SolutionConfigurationPlatforms) = preSolution
		Debug|Any CPU = Debug|Any CPU
		Release|Any CPU = Release|Any CPU
	EndGlobalSection
	GlobalSection(ProjectConfigurationPlatforms) = postSolution
		{3EBE44FF-A447-41B1-A3CD-22F86BEBAE6D}.Debug|Any CPU.ActiveCfg = Debug|Any CPU
		{3EBE44FF-A447-41B1-A3CD-22F86BEBAE6D}.Debug|Any CPU.Build.0 = Debug|Any CPU
		{3EBE44FF-A447-41B1-A3CD-22F86BEBAE6D}.Release|Any CPU.ActiveCfg = Release|Any CPU
		{3EBE44FF-A447-41B1-A3CD-22F86BEBAE6D}.Release|Any CPU.Build.0 = Release|Any CPU
	EndGlobalSection
	GlobalSection(SolutionProperties) = preSolution
		HideSolutionNode = FALSE
	EndGlobalSection
	GlobalSection(ExtensibilityGlobals) = postSolution
		SolutionGuid = {46129063-D34D-4A0C-8524-F0338EAAE285}
	EndGlobalSection
EndGlobal
